// !$*UTF8*$!
{
	archiveVersion = 1;
	classes = {
	};
	objectVersion = 56;
	objects = {

/* Begin PBXBuildFile section */
		DD52C561290DCA31005562D3 /* AppDelegate.swift in Sources */ = {isa = PBXBuildFile; fileRef = DD52C560290DCA31005562D3 /* AppDelegate.swift */; };
		DD52C563290DCA31005562D3 /* SceneDelegate.swift in Sources */ = {isa = PBXBuildFile; fileRef = DD52C562290DCA31005562D3 /* SceneDelegate.swift */; };
		DD52C56A290DCA35005562D3 /* Assets.xcassets in Resources */ = {isa = PBXBuildFile; fileRef = DD52C569290DCA35005562D3 /* Assets.xcassets */; };
		DD52C56D290DCA35005562D3 /* LaunchScreen.storyboard in Resources */ = {isa = PBXBuildFile; fileRef = DD52C56B290DCA35005562D3 /* LaunchScreen.storyboard */; };
		DD8520AE291D3FA60018B618 /* PostProfile.swift in Sources */ = {isa = PBXBuildFile; fileRef = DD8520AD291D3FA60018B618 /* PostProfile.swift */; };
		DD8520B4292554C20018B618 /* PostTableViewCell.swift in Sources */ = {isa = PBXBuildFile; fileRef = DD8520B3292554C10018B618 /* PostTableViewCell.swift */; };
		DD9E1505290FD2BD008CC907 /* PostStrcture.swift in Sources */ = {isa = PBXBuildFile; fileRef = DD9E1504290FD2BD008CC907 /* PostStrcture.swift */; };
		DD9E1507290FD2E5008CC907 /* AdditionalHelpers.swift in Sources */ = {isa = PBXBuildFile; fileRef = DD9E1506290FD2E5008CC907 /* AdditionalHelpers.swift */; };
		DD9E1509290FD30F008CC907 /* FeedViewController.swift in Sources */ = {isa = PBXBuildFile; fileRef = DD9E1508290FD30F008CC907 /* FeedViewController.swift */; };
		DD9E150C290FD345008CC907 /* InfoViewController.swift in Sources */ = {isa = PBXBuildFile; fileRef = DD9E150B290FD345008CC907 /* InfoViewController.swift */; };
		DD9E150F290FD38A008CC907 /* PostViewController.swift in Sources */ = {isa = PBXBuildFile; fileRef = DD9E150E290FD38A008CC907 /* PostViewController.swift */; };
		DD9E1512290FD3BF008CC907 /* ProfileViewController.swift in Sources */ = {isa = PBXBuildFile; fileRef = DD9E1511290FD3BF008CC907 /* ProfileViewController.swift */; };
		DD9E1514290FD3E1008CC907 /* ProfileHeaderView.swift in Sources */ = {isa = PBXBuildFile; fileRef = DD9E1513290FD3E1008CC907 /* ProfileHeaderView.swift */; };
		DD9E1516290FD406008CC907 /* LogInViewController.swift in Sources */ = {isa = PBXBuildFile; fileRef = DD9E1515290FD405008CC907 /* LogInViewController.swift */; };
		DD9E1519290FD443008CC907 /* TabBarController.swift in Sources */ = {isa = PBXBuildFile; fileRef = DD9E1518290FD443008CC907 /* TabBarController.swift */; };
/* End PBXBuildFile section */

/* Begin PBXFileReference section */
		DD52C55D290DCA31005562D3 /* Navigation.app */ = {isa = PBXFileReference; explicitFileType = wrapper.application; includeInIndex = 0; path = Navigation.app; sourceTree = BUILT_PRODUCTS_DIR; };
		DD52C560290DCA31005562D3 /* AppDelegate.swift */ = {isa = PBXFileReference; lastKnownFileType = sourcecode.swift; path = AppDelegate.swift; sourceTree = "<group>"; };
		DD52C562290DCA31005562D3 /* SceneDelegate.swift */ = {isa = PBXFileReference; lastKnownFileType = sourcecode.swift; path = SceneDelegate.swift; sourceTree = "<group>"; };
		DD52C569290DCA35005562D3 /* Assets.xcassets */ = {isa = PBXFileReference; lastKnownFileType = folder.assetcatalog; path = Assets.xcassets; sourceTree = "<group>"; };
		DD52C56C290DCA35005562D3 /* Base */ = {isa = PBXFileReference; lastKnownFileType = file.storyboard; name = Base; path = Base.lproj/LaunchScreen.storyboard; sourceTree = "<group>"; };
		DD52C56E290DCA35005562D3 /* Info.plist */ = {isa = PBXFileReference; lastKnownFileType = text.plist.xml; path = Info.plist; sourceTree = "<group>"; };
		DD8520AD291D3FA60018B618 /* PostProfile.swift */ = {isa = PBXFileReference; lastKnownFileType = sourcecode.swift; path = PostProfile.swift; sourceTree = "<group>"; };
		DD8520B3292554C10018B618 /* PostTableViewCell.swift */ = {isa = PBXFileReference; lastKnownFileType = sourcecode.swift; path = PostTableViewCell.swift; sourceTree = "<group>"; };
		DD9E1504290FD2BD008CC907 /* PostStrcture.swift */ = {isa = PBXFileReference; lastKnownFileType = sourcecode.swift; path = PostStrcture.swift; sourceTree = "<group>"; };
		DD9E1506290FD2E5008CC907 /* AdditionalHelpers.swift */ = {isa = PBXFileReference; lastKnownFileType = sourcecode.swift; path = AdditionalHelpers.swift; sourceTree = "<group>"; };
		DD9E1508290FD30F008CC907 /* FeedViewController.swift */ = {isa = PBXFileReference; lastKnownFileType = sourcecode.swift; path = FeedViewController.swift; sourceTree = "<group>"; };
		DD9E150B290FD345008CC907 /* InfoViewController.swift */ = {isa = PBXFileReference; lastKnownFileType = sourcecode.swift; path = InfoViewController.swift; sourceTree = "<group>"; };
		DD9E150E290FD38A008CC907 /* PostViewController.swift */ = {isa = PBXFileReference; lastKnownFileType = sourcecode.swift; path = PostViewController.swift; sourceTree = "<group>"; };
		DD9E1511290FD3BF008CC907 /* ProfileViewController.swift */ = {isa = PBXFileReference; lastKnownFileType = sourcecode.swift; path = ProfileViewController.swift; sourceTree = "<group>"; };
		DD9E1513290FD3E1008CC907 /* ProfileHeaderView.swift */ = {isa = PBXFileReference; lastKnownFileType = sourcecode.swift; path = ProfileHeaderView.swift; sourceTree = "<group>"; };
		DD9E1515290FD405008CC907 /* LogInViewController.swift */ = {isa = PBXFileReference; lastKnownFileType = sourcecode.swift; path = LogInViewController.swift; sourceTree = "<group>"; };
		DD9E1518290FD443008CC907 /* TabBarController.swift */ = {isa = PBXFileReference; lastKnownFileType = sourcecode.swift; path = TabBarController.swift; sourceTree = "<group>"; };
/* End PBXFileReference section */

/* Begin PBXFrameworksBuildPhase section */
		DD52C55A290DCA31005562D3 /* Frameworks */ = {
			isa = PBXFrameworksBuildPhase;
			buildActionMask = 2147483647;
			files = (
			);
			runOnlyForDeploymentPostprocessing = 0;
		};
/* End PBXFrameworksBuildPhase section */

/* Begin PBXGroup section */
		DD52C554290DCA31005562D3 = {
			isa = PBXGroup;
			children = (
				DD52C55F290DCA31005562D3 /* Navigation */,
				DD52C55E290DCA31005562D3 /* Products */,
			);
			sourceTree = "<group>";
		};
		DD52C55E290DCA31005562D3 /* Products */ = {
			isa = PBXGroup;
			children = (
				DD52C55D290DCA31005562D3 /* Navigation.app */,
			);
			name = Products;
			sourceTree = "<group>";
		};
		DD52C55F290DCA31005562D3 /* Navigation */ = {
			isa = PBXGroup;
			children = (
				DD9E1502290FD22A008CC907 /* Application */,
				DD9E1510290FD3A2008CC907 /* ProfileModule */,
				DD9E150D290FD364008CC907 /* PostViewModule */,
				DD9E150A290FD325008CC907 /* InfoModule */,
				DD9E1503290FD28E008CC907 /* FeedModule */,
				DD9E1517290FD427008CC907 /* TabBarModule */,
				DD52C569290DCA35005562D3 /* Assets.xcassets */,
				DD52C56B290DCA35005562D3 /* LaunchScreen.storyboard */,
				DD52C56E290DCA35005562D3 /* Info.plist */,
			);
			path = Navigation;
			sourceTree = "<group>";
		};
		DD9E1502290FD22A008CC907 /* Application */ = {
			isa = PBXGroup;
			children = (
				DD52C560290DCA31005562D3 /* AppDelegate.swift */,
				DD52C562290DCA31005562D3 /* SceneDelegate.swift */,
			);
			path = Application;
			sourceTree = "<group>";
		};
		DD9E1503290FD28E008CC907 /* FeedModule */ = {
			isa = PBXGroup;
			children = (
				DD9E1504290FD2BD008CC907 /* PostStrcture.swift */,
				DD9E1506290FD2E5008CC907 /* AdditionalHelpers.swift */,
				DD9E1508290FD30F008CC907 /* FeedViewController.swift */,
			);
			path = FeedModule;
			sourceTree = "<group>";
		};
		DD9E150A290FD325008CC907 /* InfoModule */ = {
			isa = PBXGroup;
			children = (
				DD9E150B290FD345008CC907 /* InfoViewController.swift */,
			);
			path = InfoModule;
			sourceTree = "<group>";
		};
		DD9E150D290FD364008CC907 /* PostViewModule */ = {
			isa = PBXGroup;
			children = (
				DD9E150E290FD38A008CC907 /* PostViewController.swift */,
			);
			path = PostViewModule;
			sourceTree = "<group>";
		};
		DD9E1510290FD3A2008CC907 /* ProfileModule */ = {
			isa = PBXGroup;
			children = (
				DD9E1511290FD3BF008CC907 /* ProfileViewController.swift */,
				DD8520AD291D3FA60018B618 /* PostProfile.swift */,
				DD9E1513290FD3E1008CC907 /* ProfileHeaderView.swift */,
				DD9E1515290FD405008CC907 /* LogInViewController.swift */,
				DD8520B3292554C10018B618 /* PostTableViewCell.swift */,
			);
			path = ProfileModule;
			sourceTree = "<group>";
		};
		DD9E1517290FD427008CC907 /* TabBarModule */ = {
			isa = PBXGroup;
			children = (
				DD9E1518290FD443008CC907 /* TabBarController.swift */,
			);
			path = TabBarModule;
			sourceTree = "<group>";
		};
/* End PBXGroup section */

/* Begin PBXNativeTarget section */
		DD52C55C290DCA31005562D3 /* Navigation */ = {
			isa = PBXNativeTarget;
			buildConfigurationList = DD52C571290DCA35005562D3 /* Build configuration list for PBXNativeTarget "Navigation" */;
			buildPhases = (
				DD52C559290DCA31005562D3 /* Sources */,
				DD52C55A290DCA31005562D3 /* Frameworks */,
				DD52C55B290DCA31005562D3 /* Resources */,
			);
			buildRules = (
			);
			dependencies = (
			);
			name = Navigation;
			productName = Navigation;
			productReference = DD52C55D290DCA31005562D3 /* Navigation.app */;
			productType = "com.apple.product-type.application";
		};
/* End PBXNativeTarget section */

/* Begin PBXProject section */
		DD52C555290DCA31005562D3 /* Project object */ = {
			isa = PBXProject;
			attributes = {
				BuildIndependentTargetsInParallel = 1;
				LastSwiftUpdateCheck = 1400;
				LastUpgradeCheck = 1400;
				TargetAttributes = {
					DD52C55C290DCA31005562D3 = {
						CreatedOnToolsVersion = 14.0.1;
					};
				};
			};
			buildConfigurationList = DD52C558290DCA31005562D3 /* Build configuration list for PBXProject "Navigation" */;
			compatibilityVersion = "Xcode 14.0";
			developmentRegion = en;
			hasScannedForEncodings = 0;
			knownRegions = (
				en,
				Base,
			);
			mainGroup = DD52C554290DCA31005562D3;
			productRefGroup = DD52C55E290DCA31005562D3 /* Products */;
			projectDirPath = "";
			projectRoot = "";
			targets = (
				DD52C55C290DCA31005562D3 /* Navigation */,
			);
		};
/* End PBXProject section */

/* Begin PBXResourcesBuildPhase section */
		DD52C55B290DCA31005562D3 /* Resources */ = {
			isa = PBXResourcesBuildPhase;
			buildActionMask = 2147483647;
			files = (
				DD52C56D290DCA35005562D3 /* LaunchScreen.storyboard in Resources */,
				DD52C56A290DCA35005562D3 /* Assets.xcassets in Resources */,
			);
			runOnlyForDeploymentPostprocessing = 0;
		};
/* End PBXResourcesBuildPhase section */

/* Begin PBXSourcesBuildPhase section */
		DD52C559290DCA31005562D3 /* Sources */ = {
			isa = PBXSourcesBuildPhase;
			buildActionMask = 2147483647;
			files = (
				DD9E150F290FD38A008CC907 /* PostViewController.swift in Sources */,
				DD9E1516290FD406008CC907 /* LogInViewController.swift in Sources */,
				DD8520B4292554C20018B618 /* PostTableViewCell.swift in Sources */,
				DD52C561290DCA31005562D3 /* AppDelegate.swift in Sources */,
				DD8520AE291D3FA60018B618 /* PostProfile.swift in Sources */,
				DD52C563290DCA31005562D3 /* SceneDelegate.swift in Sources */,
				DD9E150C290FD345008CC907 /* InfoViewController.swift in Sources */,
				DD9E1507290FD2E5008CC907 /* AdditionalHelpers.swift in Sources */,
				DD9E1512290FD3BF008CC907 /* ProfileViewController.swift in Sources */,
				DD9E1514290FD3E1008CC907 /* ProfileHeaderView.swift in Sources */,
				DD9E1519290FD443008CC907 /* TabBarController.swift in Sources */,
				DD9E1509290FD30F008CC907 /* FeedViewController.swift in Sources */,
				DD9E1505290FD2BD008CC907 /* PostStrcture.swift in Sources */,
			);
			runOnlyForDeploymentPostprocessing = 0;
		};
/* End PBXSourcesBuildPhase section */

/* Begin PBXVariantGroup section */
		DD52C56B290DCA35005562D3 /* LaunchScreen.storyboard */ = {
			isa = PBXVariantGroup;
			children = (
				DD52C56C290DCA35005562D3 /* Base */,
			);
			name = LaunchScreen.storyboard;
			sourceTree = "<group>";
		};
/* End PBXVariantGroup section */

/* Begin XCBuildConfiguration section */
		DD52C56F290DCA35005562D3 /* Debug */ = {
			isa = XCBuildConfiguration;
			buildSettings = {
				ALWAYS_SEARCH_USER_PATHS = NO;
				CLANG_ANALYZER_NONNULL = YES;
				CLANG_ANALYZER_NUMBER_OBJECT_CONVERSION = YES_AGGRESSIVE;
				CLANG_CXX_LANGUAGE_STANDARD = "gnu++20";
				CLANG_ENABLE_MODULES = YES;
				CLANG_ENABLE_OBJC_ARC = YES;
				CLANG_ENABLE_OBJC_WEAK = YES;
				CLANG_WARN_BLOCK_CAPTURE_AUTORELEASING = YES;
				CLANG_WARN_BOOL_CONVERSION = YES;
				CLANG_WARN_COMMA = YES;
				CLANG_WARN_CONSTANT_CONVERSION = YES;
				CLANG_WARN_DEPRECATED_OBJC_IMPLEMENTATIONS = YES;
				CLANG_WARN_DIRECT_OBJC_ISA_USAGE = YES_ERROR;
				CLANG_WARN_DOCUMENTATION_COMMENTS = YES;
				CLANG_WARN_EMPTY_BODY = YES;
				CLANG_WARN_ENUM_CONVERSION = YES;
				CLANG_WARN_INFINITE_RECURSION = YES;
				CLANG_WARN_INT_CONVERSION = YES;
				CLANG_WARN_NON_LITERAL_NULL_CONVERSION = YES;
				CLANG_WARN_OBJC_IMPLICIT_RETAIN_SELF = YES;
				CLANG_WARN_OBJC_LITERAL_CONVERSION = YES;
				CLANG_WARN_OBJC_ROOT_CLASS = YES_ERROR;
				CLANG_WARN_QUOTED_INCLUDE_IN_FRAMEWORK_HEADER = YES;
				CLANG_WARN_RANGE_LOOP_ANALYSIS = YES;
				CLANG_WARN_STRICT_PROTOTYPES = YES;
				CLANG_WARN_SUSPICIOUS_MOVE = YES;
				CLANG_WARN_UNGUARDED_AVAILABILITY = YES_AGGRESSIVE;
				CLANG_WARN_UNREACHABLE_CODE = YES;
				CLANG_WARN__DUPLICATE_METHOD_MATCH = YES;
				COPY_PHASE_STRIP = NO;
				DEBUG_INFORMATION_FORMAT = dwarf;
				ENABLE_STRICT_OBJC_MSGSEND = YES;
				ENABLE_TESTABILITY = YES;
				GCC_C_LANGUAGE_STANDARD = gnu11;
				GCC_DYNAMIC_NO_PIC = NO;
				GCC_NO_COMMON_BLOCKS = YES;
				GCC_OPTIMIZATION_LEVEL = 0;
				GCC_PREPROCESSOR_DEFINITIONS = (
					"DEBUG=1",
					"$(inherited)",
				);
				GCC_WARN_64_TO_32_BIT_CONVERSION = YES;
				GCC_WARN_ABOUT_RETURN_TYPE = YES_ERROR;
				GCC_WARN_UNDECLARED_SELECTOR = YES;
				GCC_WARN_UNINITIALIZED_AUTOS = YES_AGGRESSIVE;
				GCC_WARN_UNUSED_FUNCTION = YES;
				GCC_WARN_UNUSED_VARIABLE = YES;
				IPHONEOS_DEPLOYMENT_TARGET = 16.0;
				MTL_ENABLE_DEBUG_INFO = INCLUDE_SOURCE;
				MTL_FAST_MATH = YES;
				ONLY_ACTIVE_ARCH = YES;
				SDKROOT = iphoneos;
				SWIFT_ACTIVE_COMPILATION_CONDITIONS = DEBUG;
				SWIFT_OPTIMIZATION_LEVEL = "-Onone";
			};
			name = Debug;
		};
		DD52C570290DCA35005562D3 /* Release */ = {
			isa = XCBuildConfiguration;
			buildSettings = {
				ALWAYS_SEARCH_USER_PATHS = NO;
				CLANG_ANALYZER_NONNULL = YES;
				CLANG_ANALYZER_NUMBER_OBJECT_CONVERSION = YES_AGGRESSIVE;
				CLANG_CXX_LANGUAGE_STANDARD = "gnu++20";
				CLANG_ENABLE_MODULES = YES;
				CLANG_ENABLE_OBJC_ARC = YES;
				CLANG_ENABLE_OBJC_WEAK = YES;
				CLANG_WARN_BLOCK_CAPTURE_AUTORELEASING = YES;
				CLANG_WARN_BOOL_CONVERSION = YES;
				CLANG_WARN_COMMA = YES;
				CLANG_WARN_CONSTANT_CONVERSION = YES;
				CLANG_WARN_DEPRECATED_OBJC_IMPLEMENTATIONS = YES;
				CLANG_WARN_DIRECT_OBJC_ISA_USAGE = YES_ERROR;
				CLANG_WARN_DOCUMENTATION_COMMENTS = YES;
				CLANG_WARN_EMPTY_BODY = YES;
				CLANG_WARN_ENUM_CONVERSION = YES;
				CLANG_WARN_INFINITE_RECURSION = YES;
				CLANG_WARN_INT_CONVERSION = YES;
				CLANG_WARN_NON_LITERAL_NULL_CONVERSION = YES;
				CLANG_WARN_OBJC_IMPLICIT_RETAIN_SELF = YES;
				CLANG_WARN_OBJC_LITERAL_CONVERSION = YES;
				CLANG_WARN_OBJC_ROOT_CLASS = YES_ERROR;
				CLANG_WARN_QUOTED_INCLUDE_IN_FRAMEWORK_HEADER = YES;
				CLANG_WARN_RANGE_LOOP_ANALYSIS = YES;
				CLANG_WARN_STRICT_PROTOTYPES = YES;
				CLANG_WARN_SUSPICIOUS_MOVE = YES;
				CLANG_WARN_UNGUARDED_AVAILABILITY = YES_AGGRESSIVE;
				CLANG_WARN_UNREACHABLE_CODE = YES;
				CLANG_WARN__DUPLICATE_METHOD_MATCH = YES;
				COPY_PHASE_STRIP = NO;
				DEBUG_INFORMATION_FORMAT = "dwarf-with-dsym";
				ENABLE_NS_ASSERTIONS = NO;
				ENABLE_STRICT_OBJC_MSGSEND = YES;
				GCC_C_LANGUAGE_STANDARD = gnu11;
				GCC_NO_COMMON_BLOCKS = YES;
				GCC_WARN_64_TO_32_BIT_CONVERSION = YES;
				GCC_WARN_ABOUT_RETURN_TYPE = YES_ERROR;
				GCC_WARN_UNDECLARED_SELECTOR = YES;
				GCC_WARN_UNINITIALIZED_AUTOS = YES_AGGRESSIVE;
				GCC_WARN_UNUSED_FUNCTION = YES;
				GCC_WARN_UNUSED_VARIABLE = YES;
				IPHONEOS_DEPLOYMENT_TARGET = 16.0;
				MTL_ENABLE_DEBUG_INFO = NO;
				MTL_FAST_MATH = YES;
				SDKROOT = iphoneos;
				SWIFT_COMPILATION_MODE = wholemodule;
				SWIFT_OPTIMIZATION_LEVEL = "-O";
				VALIDATE_PRODUCT = YES;
			};
			name = Release;
		};
		DD52C572290DCA35005562D3 /* Debug */ = {
			isa = XCBuildConfiguration;
			buildSettings = {
				ASSETCATALOG_COMPILER_APPICON_NAME = AppIcon;
				ASSETCATALOG_COMPILER_GLOBAL_ACCENT_COLOR_NAME = AccentColor;
				CODE_SIGN_STYLE = Automatic;
				CURRENT_PROJECT_VERSION = 1;
				GENERATE_INFOPLIST_FILE = YES;
				INFOPLIST_FILE = Navigation/Info.plist;
				INFOPLIST_KEY_UIApplicationSupportsIndirectInputEvents = YES;
				INFOPLIST_KEY_UILaunchStoryboardName = LaunchScreen;
				INFOPLIST_KEY_UIMainStoryboardFile = "";
				INFOPLIST_KEY_UISupportedInterfaceOrientations_iPad = "UIInterfaceOrientationPortrait UIInterfaceOrientationPortraitUpsideDown UIInterfaceOrientationLandscapeLeft UIInterfaceOrientationLandscapeRight";
				INFOPLIST_KEY_UISupportedInterfaceOrientations_iPhone = "UIInterfaceOrientationPortrait UIInterfaceOrientationLandscapeLeft UIInterfaceOrientationLandscapeRight";
				LD_RUNPATH_SEARCH_PATHS = (
					"$(inherited)",
					"@executable_path/Frameworks",
				);
				MARKETING_VERSION = 1.0;
				PRODUCT_BUNDLE_IDENTIFIER = "IOS-25.Navigation";
				PRODUCT_NAME = "$(TARGET_NAME)";
				SWIFT_EMIT_LOC_STRINGS = YES;
				SWIFT_VERSION = 5.0;
				TARGETED_DEVICE_FAMILY = "1,2";
			};
			name = Debug;
		};
		DD52C573290DCA35005562D3 /* Release */ = {
			isa = XCBuildConfiguration;
			buildSettings = {
				ASSETCATALOG_COMPILER_APPICON_NAME = AppIcon;
				ASSETCATALOG_COMPILER_GLOBAL_ACCENT_COLOR_NAME = AccentColor;
				CODE_SIGN_STYLE = Automatic;
				CURRENT_PROJECT_VERSION = 1;
				GENERATE_INFOPLIST_FILE = YES;
				INFOPLIST_FILE = Navigation/Info.plist;
				INFOPLIST_KEY_UIApplicationSupportsIndirectInputEvents = YES;
				INFOPLIST_KEY_UILaunchStoryboardName = LaunchScreen;
				INFOPLIST_KEY_UIMainStoryboardFile = "";
				INFOPLIST_KEY_UISupportedInterfaceOrientations_iPad = "UIInterfaceOrientationPortrait UIInterfaceOrientationPortraitUpsideDown UIInterfaceOrientationLandscapeLeft UIInterfaceOrientationLandscapeRight";
				INFOPLIST_KEY_UISupportedInterfaceOrientations_iPhone = "UIInterfaceOrientationPortrait UIInterfaceOrientationLandscapeLeft UIInterfaceOrientationLandscapeRight";
				LD_RUNPATH_SEARCH_PATHS = (
					"$(inherited)",
					"@executable_path/Frameworks",
				);
				MARKETING_VERSION = 1.0;
				PRODUCT_BUNDLE_IDENTIFIER = "IOS-25.Navigation";
				PRODUCT_NAME = "$(TARGET_NAME)";
				SWIFT_EMIT_LOC_STRINGS = YES;
				SWIFT_VERSION = 5.0;
				TARGETED_DEVICE_FAMILY = "1,2";
			};
			name = Release;
		};
/* End XCBuildConfiguration section */

/* Begin XCConfigurationList section */
		DD52C558290DCA31005562D3 /* Build configuration list for PBXProject "Navigation" */ = {
			isa = XCConfigurationList;
			buildConfigurations = (
				DD52C56F290DCA35005562D3 /* Debug */,
				DD52C570290DCA35005562D3 /* Release */,
			);
			defaultConfigurationIsVisible = 0;
			defaultConfigurationName = Release;
		};
		DD52C571290DCA35005562D3 /* Build configuration list for PBXNativeTarget "Navigation" */ = {
			isa = XCConfigurationList;
			buildConfigurations = (
				DD52C572290DCA35005562D3 /* Debug */,
				DD52C573290DCA35005562D3 /* Release */,
			);
			defaultConfigurationIsVisible = 0;
			defaultConfigurationName = Release;
		};
/* End XCConfigurationList section */
	};
	rootObject = DD52C555290DCA31005562D3 /* Project object */;
}
